
Microsoft Visual Studio Solution File, Format Version 12.00
# Visual Studio Version 17
VisualStudioVersion = 17.3.32804.467
MinimumVisualStudioVersion = 10.0.40219.1
Project("{FAE04EC0-301F-11D3-BF4B-00C04F79EFBC}") = "BankDatabase", "BankDatabase\BankDatabase.csproj", "{EFC18B36-09BC-4E6F-8DD8-21B4230DA13D}"
EndProject
Project("{FAE04EC0-301F-11D3-BF4B-00C04F79EFBC}") = "RemoteServer", "RemoteServer\RemoteServer.csproj", "{2D9F7DF5-8508-476C-B986-7722CFE34E9D}"
EndProject
Project("{FAE04EC0-301F-11D3-BF4B-00C04F79EFBC}") = "Client", "Client\Client.csproj", "{3A12FAEB-1F77-4E73-BADB-086E5F07164A}"
EndProject
Global
	GlobalSection(SolutionConfigurationPlatforms) = preSolution
		Debug|Any CPU = Debug|Any CPU
		Release|Any CPU = Release|Any CPU
	EndGlobalSection
	GlobalSection(ProjectConfigurationPlatforms) = postSolution
		{EFC18B36-09BC-4E6F-8DD8-21B4230DA13D}.Debug|Any CPU.ActiveCfg = Debug|Any CPU
		{EFC18B36-09BC-4E6F-8DD8-21B4230DA13D}.Debug|Any CPU.Build.0 = Debug|Any CPU
		{EFC18B36-09BC-4E6F-8DD8-21B4230DA13D}.Release|Any CPU.ActiveCfg = Release|Any CPU
		{EFC18B36-09BC-4E6F-8DD8-21B4230DA13D}.Release|Any CPU.Build.0 = Release|Any CPU
		{2D9F7DF5-8508-476C-B986-7722CFE34E9D}.Debug|Any CPU.ActiveCfg = Debug|Any CPU
		{2D9F7DF5-8508-476C-B986-7722CFE34E9D}.Debug|Any CPU.Build.0 = Debug|Any CPU
		{2D9F7DF5-8508-476C-B986-7722CFE34E9D}.Release|Any CPU.ActiveCfg = Release|Any CPU
		{2D9F7DF5-8508-476C-B986-7722CFE34E9D}.Release|Any CPU.Build.0 = Release|Any CPU
		{3A12FAEB-1F77-4E73-BADB-086E5F07164A}.Debug|Any CPU.ActiveCfg = Debug|Any CPU
		{3A12FAEB-1F77-4E73-BADB-086E5F07164A}.Debug|Any CPU.Build.0 = Debug|Any CPU
		{3A12FAEB-1F77-4E73-BADB-086E5F07164A}.Release|Any CPU.ActiveCfg = Release|Any CPU
		{3A12FAEB-1F77-4E73-BADB-086E5F07164A}.Release|Any CPU.Build.0 = Release|Any CPU
	EndGlobalSection
	GlobalSection(SolutionProperties) = preSolution
		HideSolutionNode = FALSE
	EndGlobalSection
	GlobalSection(ExtensibilityGlobals) = postSolution
		SolutionGuid = {C7BF1E9B-EE51-404C-AE32-134D1836B513}
	EndGlobalSection
EndGlobal
