
Microsoft Visual Studio Solution File, Format Version 12.00
# Visual Studio Version 17
VisualStudioVersion = 17.3.32804.467
MinimumVisualStudioVersion = 10.0.40219.1
Project("{FAE04EC0-301F-11D3-BF4B-00C04F79EFBC}") = "Bank_Databse", "Tutorial1_Simple_WPF_APP\Bank_Databse.csproj", "{D9069F49-4012-46AE-9492-8922BE5557A4}"
EndProject
Project("{FAE04EC0-301F-11D3-BF4B-00C04F79EFBC}") = "RemoteServer", "RemoteServer\RemoteServer.csproj", "{56FCA90A-B253-475C-872D-CD7BE05D00BB}"
EndProject
Global
	GlobalSection(SolutionConfigurationPlatforms) = preSolution
		Debug|Any CPU = Debug|Any CPU
		Release|Any CPU = Release|Any CPU
	EndGlobalSection
	GlobalSection(ProjectConfigurationPlatforms) = postSolution
		{D9069F49-4012-46AE-9492-8922BE5557A4}.Debug|Any CPU.ActiveCfg = Debug|Any CPU
		{D9069F49-4012-46AE-9492-8922BE5557A4}.Debug|Any CPU.Build.0 = Debug|Any CPU
		{D9069F49-4012-46AE-9492-8922BE5557A4}.Release|Any CPU.ActiveCfg = Release|Any CPU
		{D9069F49-4012-46AE-9492-8922BE5557A4}.Release|Any CPU.Build.0 = Release|Any CPU
		{56FCA90A-B253-475C-872D-CD7BE05D00BB}.Debug|Any CPU.ActiveCfg = Debug|Any CPU
		{56FCA90A-B253-475C-872D-CD7BE05D00BB}.Debug|Any CPU.Build.0 = Debug|Any CPU
		{56FCA90A-B253-475C-872D-CD7BE05D00BB}.Release|Any CPU.ActiveCfg = Release|Any CPU
		{56FCA90A-B253-475C-872D-CD7BE05D00BB}.Release|Any CPU.Build.0 = Release|Any CPU
	EndGlobalSection
	GlobalSection(SolutionProperties) = preSolution
		HideSolutionNode = FALSE
	EndGlobalSection
	GlobalSection(ExtensibilityGlobals) = postSolution
		SolutionGuid = {476E2F52-6CB4-49BA-A41F-2FB187EDD933}
	EndGlobalSection
EndGlobal
